dependencies:
- name: postgresql
  repository: https://charts.bitnami.com/bitnami
  version: 12.2.7
- name: common
  repository: https://charts.bitnami.com/bitnami
  version: 1.17.1
digest: sha256:191e4c2ab06df15768d599e1516625fb3469f63ead366534d197f9a3394d425e
generated: "2023-04-10T19:17:20.186574008Z"
