dependencies:
- name: postgresql
  repository: https://charts.bitnami.com/bitnami
  version: 11.9.13
- name: common
  repository: https://charts.bitnami.com/bitnami
  version: 2.2.4
digest: sha256:1a5688e2797bafa9903040e641c42374dba3d033423f5043f0904ec4e2539290
generated: "2023-04-10T19:16:50.286500701Z"
